
Microsoft Visual Studio Solution File, Format Version 12.00
# Visual Studio Version 16
VisualStudioVersion = 16.0.30907.101
MinimumVisualStudioVersion = 10.0.40219.1
Project("{9A19103F-16F7-4668-BE54-9A1E7A4F7556}") = "DataAccess", "DataAccess\DataAccess.csproj", "{AFC5B430-64FA-4496-89EA-F68C222E92DA}"
EndProject
Project("{9A19103F-16F7-4668-BE54-9A1E7A4F7556}") = "Business", "Business\Business.csproj", "{FC613B3F-C043-48A4-8BA1-B3ABCF47A445}"
EndProject
Project("{9A19103F-16F7-4668-BE54-9A1E7A4F7556}") = "Entities", "Entities\Entities.csproj", "{AF5D3E74-F71D-4A4C-9FF7-2591E3131CA5}"
EndProject
Project("{9A19103F-16F7-4668-BE54-9A1E7A4F7556}") = "ConsoleUI", "ConsoleUI\ConsoleUI.csproj", "{F5B6BA13-9866-4A98-85DB-B23723FDD703}"
EndProject
Project("{9A19103F-16F7-4668-BE54-9A1E7A4F7556}") = "Core", "Core\Core.csproj", "{2647ED3E-718D-44F7-8E24-F34AAD5EF755}"
EndProject
Project("{FAE04EC0-301F-11D3-BF4B-00C04F79EFBC}") = "WebAPI", "WebAPI\WebAPI.csproj", "{CDF9251D-4B23-4E14-AB9A-17DCDC21566D}"
EndProject
Global
	GlobalSection(SolutionConfigurationPlatforms) = preSolution
		Debug|Any CPU = Debug|Any CPU
		Release|Any CPU = Release|Any CPU
	EndGlobalSection
	GlobalSection(ProjectConfigurationPlatforms) = postSolution
		{AFC5B430-64FA-4496-89EA-F68C222E92DA}.Debug|Any CPU.ActiveCfg = Debug|Any CPU
		{AFC5B430-64FA-4496-89EA-F68C222E92DA}.Debug|Any CPU.Build.0 = Debug|Any CPU
		{AFC5B430-64FA-4496-89EA-F68C222E92DA}.Release|Any CPU.ActiveCfg = Release|Any CPU
		{AFC5B430-64FA-4496-89EA-F68C222E92DA}.Release|Any CPU.Build.0 = Release|Any CPU
		{FC613B3F-C043-48A4-8BA1-B3ABCF47A445}.Debug|Any CPU.ActiveCfg = Debug|Any CPU
		{FC613B3F-C043-48A4-8BA1-B3ABCF47A445}.Debug|Any CPU.Build.0 = Debug|Any CPU
		{FC613B3F-C043-48A4-8BA1-B3ABCF47A445}.Release|Any CPU.ActiveCfg = Release|Any CPU
		{FC613B3F-C043-48A4-8BA1-B3ABCF47A445}.Release|Any CPU.Build.0 = Release|Any CPU
		{AF5D3E74-F71D-4A4C-9FF7-2591E3131CA5}.Debug|Any CPU.ActiveCfg = Debug|Any CPU
		{AF5D3E74-F71D-4A4C-9FF7-2591E3131CA5}.Debug|Any CPU.Build.0 = Debug|Any CPU
		{AF5D3E74-F71D-4A4C-9FF7-2591E3131CA5}.Release|Any CPU.ActiveCfg = Release|Any CPU
		{AF5D3E74-F71D-4A4C-9FF7-2591E3131CA5}.Release|Any CPU.Build.0 = Release|Any CPU
		{F5B6BA13-9866-4A98-85DB-B23723FDD703}.Debug|Any CPU.ActiveCfg = Debug|Any CPU
		{F5B6BA13-9866-4A98-85DB-B23723FDD703}.Debug|Any CPU.Build.0 = Debug|Any CPU
		{F5B6BA13-9866-4A98-85DB-B23723FDD703}.Release|Any CPU.ActiveCfg = Release|Any CPU
		{F5B6BA13-9866-4A98-85DB-B23723FDD703}.Release|Any CPU.Build.0 = Release|Any CPU
		{2647ED3E-718D-44F7-8E24-F34AAD5EF755}.Debug|Any CPU.ActiveCfg = Debug|Any CPU
		{2647ED3E-718D-44F7-8E24-F34AAD5EF755}.Debug|Any CPU.Build.0 = Debug|Any CPU
		{2647ED3E-718D-44F7-8E24-F34AAD5EF755}.Release|Any CPU.ActiveCfg = Release|Any CPU
		{2647ED3E-718D-44F7-8E24-F34AAD5EF755}.Release|Any CPU.Build.0 = Release|Any CPU
		{CDF9251D-4B23-4E14-AB9A-17DCDC21566D}.Debug|Any CPU.ActiveCfg = Debug|Any CPU
		{CDF9251D-4B23-4E14-AB9A-17DCDC21566D}.Debug|Any CPU.Build.0 = Debug|Any CPU
		{CDF9251D-4B23-4E14-AB9A-17DCDC21566D}.Release|Any CPU.ActiveCfg = Release|Any CPU
		{CDF9251D-4B23-4E14-AB9A-17DCDC21566D}.Release|Any CPU.Build.0 = Release|Any CPU
	EndGlobalSection
	GlobalSection(SolutionProperties) = preSolution
		HideSolutionNode = FALSE
	EndGlobalSection
	GlobalSection(ExtensibilityGlobals) = postSolution
		SolutionGuid = {649F13E0-869C-488D-A827-892B3ADC49E8}
	EndGlobalSection
EndGlobal
